GIT
  remote: https://github.com/ruby/debug.git
  revision: 6510cfbc7496c55ebbefa437a25c17ca58f7c5eb
  specs:

PATH
  remote: ..
  specs:
    sentry-ruby (6.6.2)
      bigdecimal
      concurrent-ruby (~> 1.0, >= 1.0.2)
      logger

GEM
  remote: https://rubygems.org/
  specs:
    activemodel (7.2.3.1)
      activesupport (= 7.2.3.1)
    activerecord (7.2.3.1)
      activemodel (= 7.2.3.1)
      activesupport (= 7.2.3.1)
      timeout (>= 0.4.0)
    activerecord-jdbc-adapter (72.1-java)
      activerecord (~> 7.2.2)
    activerecord-jdbcmysql-adapter (72.1-java)
      activerecord-jdbc-adapter (= 72.1)
      jdbc-mysql (>= 5.1.36, < 9)
    activesupport (7.2.3.1)
      base64
      benchmark (>= 0.3)
      bigdecimal
      concurrent-ruby (~> 1.0, >= 1.3.1)
      connection_pool (>= 2.2.5)
      drb
      i18n (>= 1.6, < 2)
      logger (>= 1.4.2)
      minitest (>= 5.1, < 6)
      securerandom (>= 0.3)
      tzinfo (~> 2.0, >= 2.0.5)
    addressable (2.9.0)
      public_suffix (>= 2.0.2, < 8.0)
    base64 (0.3.0)
    benchmark (0.5.0)
    benchmark-ips (2.5.0)
    benchmark-ipsa (0.2.0)
      benchmark-ips (~> 2.5.0)
      memory_profiler (~> 0.9.6)
    benchmark-memory (0.1.2)
      memory_profiler (~> 0.9)
    benchmark_driver (0.16.5)
    bigdecimal (4.1.2-java)
    cgi (0.5.2-java)
    concurrent-ruby (1.3.7)
    connection_pool (2.5.5)
    crack (1.0.1)
      bigdecimal
      rexml
    date (3.5.1-java)
    diff-lcs (1.6.2)
    docile (1.4.1)
    drb (2.2.3)
    erb (4.0.4.1-java)
      cgi (>= 0.3.3)
    excon (1.5.0)
      logger
    faraday (2.14.3)
      faraday-net_http (>= 2.0, < 3.5)
      json
      logger
    faraday-net_http (3.4.4)
      net-http (~> 0.5)
    fiber-storage (1.0.1)
    graphql (2.6.3)
      base64
      fiber-storage
      logger
    hashdiff (1.2.1)
    i18n (1.15.2)
      concurrent-ruby (~> 1.0)
    io-console (0.8.2-java)
    irb (1.18.0)
      pp (>= 0.6.0)
      prism (>= 1.3.0)
      rdoc (>= 4.0.0)
      reline (>= 0.4.2)
    jar-dependencies (0.5.7)
    jdbc-mysql (8.4.0.1)
    jdbc-sqlite3 (3.46.1.1)
    json (2.20.0-java)
    logger (1.7.0)
    memory_profiler (0.9.14)
    minitest (5.27.0)
    net-http (0.9.1)
      uri (>= 0.11.1)
    nio4r (2.7.5-java)
    pp (0.6.4)
      prettyprint
    prettyprint (0.2.0)
    prism (1.9.0)
    psych (5.4.0-java)
      date
      jar-dependencies (>= 0.1.7)
    public_suffix (6.0.2)
    puma (8.0.2-java)
      nio4r (~> 2.0)
    rack (3.2.6)
    rake (12.3.3)
    rdoc (7.2.0)
      erb
      psych (>= 4.0.0)
      tsort
    redis (4.8.1)
    reline (0.6.3)
      io-console (~> 0.5)
    rexml (3.4.1)
    rspec (3.13.2)
      rspec-core (~> 3.13.0)
      rspec-expectations (~> 3.13.0)
      rspec-mocks (~> 3.13.0)
    rspec-core (3.13.6)
      rspec-support (~> 3.13.0)
    rspec-expectations (3.13.5)
      diff-lcs (>= 1.2.0, < 2.0)
      rspec-support (~> 3.13.0)
    rspec-mocks (3.13.8)
      diff-lcs (>= 1.2.0, < 2.0)
      rspec-support (~> 3.13.0)
    rspec-retry (0.6.2)
      rspec-core (> 3.3)
    rspec-support (3.13.7)
    securerandom (0.4.1)
    sequel (5.105.0)
      bigdecimal
    simplecov (0.22.0)
      docile (~> 1.1)
      simplecov-html (~> 0.11)
      simplecov_json_formatter (~> 0.1)
    simplecov-cobertura (3.2.0)
      rexml
      simplecov (~> 0.19)
    simplecov-html (0.13.2)
    simplecov_json_formatter (0.1.4)
    timecop (0.9.11)
    timeout (0.6.1)
    tsort (0.2.0)
    tzinfo (2.0.6)
      concurrent-ruby (~> 1.0)
    uri (1.1.1)
    webmock (3.26.2)
      addressable (>= 2.8.0)
      crack (>= 0.3.2)
      hashdiff (>= 0.4.0, < 2.0.0)
    webrick (1.9.2)
    yard (0.9.44)

PLATFORMS
  universal-java-21

DEPENDENCIES
  activerecord-jdbcmysql-adapter
  benchmark-ips
  benchmark-ipsa
  benchmark-memory
  benchmark_driver
  cgi
  debug!
  excon
  faraday
  graphql (>= 2.2.6)
  irb
  jar-dependencies
  jdbc-sqlite3
  puma
  rack (~> 3.1)
  rake (~> 12.0)
  redis (~> 4)
  rexml (= 3.4.1)
  rspec
  rspec-retry
  sentry-ruby!
  sequel
  simplecov
  simplecov-cobertura (~> 3.0)
  sqlite3 (~> 1.4.0)
  timecop
  webmock
  webrick
  yard

CHECKSUMS
  activemodel (7.2.3.1) sha256=39e1869b85e7a0b64a8ccddf19f3fb0c44261b329785384bb88f878eab51c0d0
  activerecord (7.2.3.1) sha256=b89513e275da5b34183c5f2a497c154b02dcc7c811d399ab557e67e36170a05d
  activerecord-jdbc-adapter (72.1-java) sha256=4487cb4606b5d76913b5abaaf681ef21b7aa9478ed201918f48da6b3f7fcec70
  activerecord-jdbcmysql-adapter (72.1-java) sha256=094d6e074e23668dff143f5c69cda0f0fc29468d9634b3c5e5884a3345e3d166
  activesupport (7.2.3.1) sha256=11ebed516a43a0bb47346227a35ebae4d9427465a7c9eb197a03d5c8d283cb34
  addressable (2.9.0) sha256=7fdf6ac3660f7f4e867a0838be3f6cf722ace541dd97767fa42bc6cfa980c7af
  base64 (0.3.0) sha256=27337aeabad6ffae05c265c450490628ef3ebd4b67be58257393227588f5a97b
  benchmark (0.5.0) sha256=465df122341aedcb81a2a24b4d3bd19b6c67c1530713fd533f3ff034e419236c
  benchmark-ips (2.5.0) sha256=aa98e9dc420c0dc225f6bf8cea7f112ca015596868e9dcf2e15d4ee4e3eb80ee
  benchmark-ipsa (0.2.0) sha256=8be4820765d575691b2f91f6c988a8a3d90393239bf9d35ea53c8ab0fbca7230
  benchmark-memory (0.1.2) sha256=aa7bfe6776174d0ddefe6fb39945d88fff6d76eac165690188391d9acd441c87
  benchmark_driver (0.16.5) sha256=f675df0fe1de7e18e40df313ae24ebe4c7ee7814a4165f29a1a37b863a685831
  bigdecimal (4.1.2-java) sha256=ccc836eab720a525529f70ed0de26a206fdbc9a9e8ac67b3b4ac7318b03e114d
  cgi (0.5.2-java) sha256=08bbfe06e10e771d36f10db6c1dfb81727ea2a25c3dbcd28d890a1794414a73d
  concurrent-ruby (1.3.7) sha256=4412caec3a5ea2e5fdc52076724c071a81f2c0593d83b2ac8cbb8ca63b3151b0
  connection_pool (2.5.5) sha256=e54ff92855753df1fd7c59fa04a398833355f27dd14c074f8c83a05f72a716ad
  crack (1.0.1) sha256=ff4a10390cd31d66440b7524eb1841874db86201d5b70032028553130b6d4c7e
  date (3.5.1-java) sha256=12e09477dc932afe45bf768cd362bf73026804e0db1e6c314186d6cd0bee3344
  diff-lcs (1.6.2) sha256=9ae0d2cba7d4df3075fe8cd8602a8604993efc0dfa934cff568969efb1909962
  docile (1.4.1) sha256=96159be799bfa73cdb721b840e9802126e4e03dfc26863db73647204c727f21e
  drb (2.2.3) sha256=0b00d6fdb50995fe4a45dea13663493c841112e4068656854646f418fda13373
  erb (4.0.4.1-java) sha256=3e4805edebd25f48cdb43ad4ebf1d61c11538f29373f0a48716b688819e3f7ce
  excon (1.5.0) sha256=c503ad1d0123bc8ab2a062ff3789dc891ec368cb9e13765ab88a9c58c8bb6d50
  faraday (2.14.3) sha256=1882247e6766615c8220b4392bf1d27f6ebb63d8e28267587cef1fb0bf37f278
  faraday-net_http (3.4.4) sha256=0e78af151747ed1b00f33e25973b4bc220d7f16c00c39676817c8b12331eb588
  fiber-storage (1.0.1) sha256=f48e5b6d8b0be96dac486332b55cee82240057065dc761c1ea692b2e719240e1
  graphql (2.6.3) sha256=31fe845b509fda27db38d09380f27ffc0de1c7ea2f9f3b12fa42bdde8317239b
  hashdiff (1.2.1) sha256=9c079dbc513dfc8833ab59c0c2d8f230fa28499cc5efb4b8dd276cf931457cd1
  i18n (1.15.2) sha256=00f9eb62412fe593b2a65a97daa75300d37abb8f7202ec748e94b6d46a9dd1b5
  io-console (0.8.2-java) sha256=837efefe96084c13ae91114917986ae6c6d1cf063b27b8419cc564a722a38af8
  irb (1.18.0) sha256=de9454a0703a54704b9811a5ef31a60c86949fbf4013fcf244fabc7c775248e3
  jar-dependencies (0.5.7) sha256=013ce5f4639414ac8cf1169cdbe763da164b81e2d2c983d11042b5ff7bfcce80
  jdbc-mysql (8.4.0.1) sha256=429cb7999d11c4f46a7153a382b6ac07935a4c10ddc52dd98e2d52b22c17fa13
  jdbc-sqlite3 (3.46.1.1) sha256=2498fea7d37c0d51c6bad1b95ffc909173c014ba6bd36825f37910113d0230cf
  json (2.20.0-java) sha256=433ba4c76297364523761a935531dcd227aac8ab5dc7acb419ad9166af0e8a7c
  logger (1.7.0) sha256=196edec7cc44b66cfb40f9755ce11b392f21f7967696af15d274dde7edff0203
  memory_profiler (0.9.14) sha256=de558cf6525d8d56d2c0ea465b1664517fbe45560f892dc7a898d3b8c2863b12
  minitest (5.27.0) sha256=2d3b17f8a36fe7801c1adcffdbc38233b938eb0b4966e97a6739055a45fa77d5
  net-http (0.9.1) sha256=25ba0b67c63e89df626ed8fac771d0ad24ad151a858af2cc8e6a716ca4336996
  nio4r (2.7.5-java) sha256=d14779d2a9b012ec0148a53344fbb2ed2a3c4d90c5dd923bf281135ab983b2c9
  pp (0.6.4) sha256=dfcb0fce700c41456265922884f9fe195d7fbb0674a3578e6c0f69588e82b570
  prettyprint (0.2.0) sha256=2bc9e15581a94742064a3cc8b0fb9d45aae3d03a1baa6ef80922627a0766f193
  prism (1.9.0) sha256=7b530c6a9f92c24300014919c9dcbc055bf4cdf51ec30aed099b06cd6674ef85
  psych (5.4.0-java) sha256=5f948b27c94be491e6ae3e19484700fe87b7bea75f91a5ab8cdf18bb215b1a3b
  public_suffix (6.0.2) sha256=bfa7cd5108066f8c9602e0d6d4114999a5df5839a63149d3e8b0f9c1d3558394
  puma (8.0.2-java) sha256=37392e0dbd01e2a157748b92b818bfacf801bb32628e41680e9ab1171dea2b3d
  rack (3.2.6) sha256=5ed78e1f73b2e25679bec7d45ee2d4483cc4146eb1be0264fc4d94cb5ef212c2
  rake (12.3.3) sha256=f7694adb4fe638da35452300cee6c545e9c377a0e3190018ac04d590b3c26ab3
  rdoc (7.2.0) sha256=8650f76cd4009c3b54955eb5d7e3a075c60a57276766ebf36f9085e8c9f23192
  redis (4.8.1) sha256=387ee086694fffc9632aaeb1efe4a7b1627ca783bf373320346a8a20cd93333a
  reline (0.6.3) sha256=1198b04973565b36ec0f11542ab3f5cfeeec34823f4e54cebde90968092b1835
  rexml (3.4.1) sha256=c74527a9a0a04b4ec31dbe0dc4ed6004b960af943d8db42e539edde3a871abca
  rspec (3.13.2) sha256=206284a08ad798e61f86d7ca3e376718d52c0bc944626b2349266f239f820587
  rspec-core (3.13.6) sha256=a8823c6411667b60a8bca135364351dda34cd55e44ff94c4be4633b37d828b2d
  rspec-expectations (3.13.5) sha256=33a4d3a1d95060aea4c94e9f237030a8f9eae5615e9bd85718fe3a09e4b58836
  rspec-mocks (3.13.8) sha256=086ad3d3d17533f4237643de0b5c42f04b66348c28bf6b9c2d3f4a3b01af1d47
  rspec-retry (0.6.2) sha256=6101ba23a38809811ae3484acde4ab481c54d846ac66d5037ccb40131a60d858
  rspec-support (3.13.7) sha256=0640e5570872aafefd79867901deeeeb40b0c9875a36b983d85f54fb7381c47c
  securerandom (0.4.1) sha256=cc5193d414a4341b6e225f0cb4446aceca8e50d5e1888743fac16987638ea0b1
  sentry-ruby (6.6.2)
  sequel (5.105.0) sha256=4191d5e5d011b7229ff8a3401ca6beac047c4d35b1ec6703376513b4b25b2e67
  simplecov (0.22.0) sha256=fe2622c7834ff23b98066bb0a854284b2729a569ac659f82621fc22ef36213a5
  simplecov-cobertura (3.2.0) sha256=70d702658677fcb20e5aceb6915ccf8bc62ff2ccd38b62b3ad5c9db5c0888740
  simplecov-html (0.13.2) sha256=bd0b8e54e7c2d7685927e8d6286466359b6f16b18cb0df47b508e8d73c777246
  simplecov_json_formatter (0.1.4) sha256=529418fbe8de1713ac2b2d612aa3daa56d316975d307244399fa4838c601b428
  timecop (0.9.11) sha256=41284dc6e5041f2184f781ace766f942108c842f8d8c1386a26e6343decc7542
  timeout (0.6.1) sha256=78f57368a7e7bbadec56971f78a3f5ecbcfb59b7fcbb0a3ed6ddc08a5094accb
  tsort (0.2.0) sha256=9650a793f6859a43b6641671278f79cfead60ac714148aabe4e3f0060480089f
  tzinfo (2.0.6) sha256=8daf828cc77bcf7d63b0e3bdb6caa47e2272dcfaf4fbfe46f8c3a9df087a829b
  uri (1.1.1) sha256=379fa58d27ffb1387eaada68c749d1426738bd0f654d812fcc07e7568f5c57c6
  webmock (3.26.2) sha256=774556f2ea6371846cca68c01769b2eac0d134492d21f6d0ab5dd643965a4c90
  webrick (1.9.2) sha256=beb4a15fc474defed24a3bda4ffd88a490d517c9e4e6118c3edce59e45864131
  yard (0.9.44) sha256=eb087e9b631ccd887b049f303d489963945452d5e2a7eb49a5a74a7cf6887f28

BUNDLED WITH
   2.6.9
